
Microsoft Visual Studio Solution File, Format Version 12.00
# Visual Studio Version 17
VisualStudioVersion = 17.3.32825.248
MinimumVisualStudioVersion = 10.0.40219.1
Project("{9A19103F-16F7-4668-BE54-9A1E7A4F7556}") = "okta-dotnetcore3-api-quickstart-sample", "okta-dotnetcore3-api-quickstart-sample.csproj", "{A08F4CA5-9A56-4ABE-B9EC-86443EE065B9}"
EndProject
Project("{FAE04EC0-301F-11D3-BF4B-00C04F79EFBC}") = "ConsoleClient", "..\ConsoleClient\ConsoleClient.csproj", "{B35FAEAF-D8A6-4CF0-A4D9-54A91CF3D704}"
EndProject
Global
	GlobalSection(SolutionConfigurationPlatforms) = preSolution
		Debug|Any CPU = Debug|Any CPU
		Release|Any CPU = Release|Any CPU
	EndGlobalSection
	GlobalSection(ProjectConfigurationPlatforms) = postSolution
		{A08F4CA5-9A56-4ABE-B9EC-86443EE065B9}.Debug|Any CPU.ActiveCfg = Debug|Any CPU
		{A08F4CA5-9A56-4ABE-B9EC-86443EE065B9}.Debug|Any CPU.Build.0 = Debug|Any CPU
		{A08F4CA5-9A56-4ABE-B9EC-86443EE065B9}.Release|Any CPU.ActiveCfg = Release|Any CPU
		{A08F4CA5-9A56-4ABE-B9EC-86443EE065B9}.Release|Any CPU.Build.0 = Release|Any CPU
		{B35FAEAF-D8A6-4CF0-A4D9-54A91CF3D704}.Debug|Any CPU.ActiveCfg = Debug|Any CPU
		{B35FAEAF-D8A6-4CF0-A4D9-54A91CF3D704}.Debug|Any CPU.Build.0 = Debug|Any CPU
		{B35FAEAF-D8A6-4CF0-A4D9-54A91CF3D704}.Release|Any CPU.ActiveCfg = Release|Any CPU
		{B35FAEAF-D8A6-4CF0-A4D9-54A91CF3D704}.Release|Any CPU.Build.0 = Release|Any CPU
	EndGlobalSection
	GlobalSection(SolutionProperties) = preSolution
		HideSolutionNode = FALSE
	EndGlobalSection
	GlobalSection(ExtensibilityGlobals) = postSolution
		SolutionGuid = {F38F3732-38E4-42B8-AC1B-4B12A1DCF750}
	EndGlobalSection
EndGlobal
